{
  "name": "test",
  "version": "1.0.0",
  "lockfileVersion": 1,
  "requires": true,
  "dependencies": {
    "@aspnet/signalr": {
      "version": "1.0.3",
      "resolved": "https://registry.npmjs.org/@aspnet/signalr/-/signalr-1.0.3.tgz",
      "integrity": "sha512-8nPSarp4k+oP2M6P7tw2FZMXOMR86wH9GPb/4wiqA18c4Ds88SUmE0pSpnNQPDOoWGMj6y9F2Xz5JyoynCPXWQ=="
    },
    "@aspnet/signalr-client": {
      "version": "1.0.0-alpha2-final",
      "resolved": "https://registry.npmjs.org/@aspnet/signalr-client/-/signalr-client-1.0.0-alpha2-final.tgz",
      "integrity": "sha1-a899AQKHXfiqbwOhB0h8k/Tx/rQ=",
      "requires": {
        "msgpack5": "^3.5.0"
      }
    },
    "bl": {
      "version": "1.2.2",
      "resolved": "https://registry.npmjs.org/bl/-/bl-1.2.2.tgz",
      "integrity": "sha512-e8tQYnZodmebYDWGH7KMRvtzKXaJHx3BbilrgZCfvyLUYdKpK1t5PSPmpkny/SgiTSCnjfLW7v5rlONXVFkQEA==",
      "requires": {
        "readable-stream": "^2.3.5",
        "safe-buffer": "^5.1.1"
      }
    },
    "core-util-is": {
      "version": "1.0.2",
      "resolved": "https://registry.npmjs.org/core-util-is/-/core-util-is-1.0.2.tgz",
      "integrity": "sha1-tf1UIgqivFq1eqtxQMlAdUUDwac="
    },
    "debug": {
      "version": "2.6.9",
      "resolved": "https://registry.npmjs.org/debug/-/debug-2.6.9.tgz",
      "integrity": "sha512-bC7ElrdJaJnPbAP+1EotYvqZsb3ecl5wi6Bfi6BJTUcNowp6cvspg0jXznRTKDjm/E7AdgFBVeAPVMNcKGsHMA==",
      "requires": {
        "ms": "2.0.0"
      }
    },
    "inherits": {
      "version": "2.0.3",
      "resolved": "https://registry.npmjs.org/inherits/-/inherits-2.0.3.tgz",
      "integrity": "sha1-Yzwsg+PaQqUC9SRmAiSA9CCCYd4="
    },
    "is-typedarray": {
      "version": "1.0.0",
      "resolved": "https://registry.npmjs.org/is-typedarray/-/is-typedarray-1.0.0.tgz",
      "integrity": "sha1-5HnICFjfDBsR3dppQPlgEfzaSpo="
    },
    "isarray": {
      "version": "1.0.0",
      "resolved": "https://registry.npmjs.org/isarray/-/isarray-1.0.0.tgz",
      "integrity": "sha1-u5NdSFgsuhaMBoNJV6VKPgcSTxE="
    },
    "ms": {
      "version": "2.0.0",
      "resolved": "https://registry.npmjs.org/ms/-/ms-2.0.0.tgz",
      "integrity": "sha1-VgiurfwAvmwpAd9fmGF4jeDVl8g="
    },
    "msgpack5": {
      "version": "3.6.0",
      "resolved": "https://registry.npmjs.org/msgpack5/-/msgpack5-3.6.0.tgz",
      "integrity": "sha512-6HuCZHA57WtNUzrKIvjJ8OMxigzveJ6D5i13y6TsgGu3X3zxABpuBvChpppOoGdB9SyWZcmqUs1fwUV/PpSQ7Q==",
      "requires": {
        "bl": "^1.2.1",
        "inherits": "^2.0.3",
        "readable-stream": "^2.3.3",
        "safe-buffer": "^5.1.1"
      }
    },
    "nan": {
      "version": "2.11.0",
      "resolved": "https://registry.npmjs.org/nan/-/nan-2.11.0.tgz",
      "integrity": "sha512-F4miItu2rGnV2ySkXOQoA8FKz/SR2Q2sWP0sbTxNxz/tuokeC8WxOhPMcwi0qIyGtVn/rrSeLbvVkznqCdwYnw=="
    },
    "process-nextick-args": {
      "version": "2.0.0",
      "resolved": "https://registry.npmjs.org/process-nextick-args/-/process-nextick-args-2.0.0.tgz",
      "integrity": "sha512-MtEC1TqN0EU5nephaJ4rAtThHtC86dNN9qCuEhtshvpVBkAW5ZO7BASN9REnF9eoXGcRub+pFuKEpOHE+HbEMw=="
    },
    "readable-stream": {
      "version": "2.3.6",
      "resolved": "http://registry.npmjs.org/readable-stream/-/readable-stream-2.3.6.tgz",
      "integrity": "sha512-tQtKA9WIAhBF3+VLAseyMqZeBjW0AHJoxOtYqSUZNJxauErmLbVm2FW1y+J/YA9dUrAC39ITejlZWhVIwawkKw==",
      "requires": {
        "core-util-is": "~1.0.0",
        "inherits": "~2.0.3",
        "isarray": "~1.0.0",
        "process-nextick-args": "~2.0.0",
        "safe-buffer": "~5.1.1",
        "string_decoder": "~1.1.1",
        "util-deprecate": "~1.0.1"
      }
    },
    "safe-buffer": {
      "version": "5.1.2",
      "resolved": "https://registry.npmjs.org/safe-buffer/-/safe-buffer-5.1.2.tgz",
      "integrity": "sha512-Gd2UZBJDkXlY7GbJxfsE8/nvKkUEU1G38c1siN6QP6a9PT9MmHB8GnpscSmMJSoF8LOIrt8ud/wPtojys4G6+g=="
    },
    "string_decoder": {
      "version": "1.1.1",
      "resolved": "https://registry.npmjs.org/string_decoder/-/string_decoder-1.1.1.tgz",
      "integrity": "sha512-n/ShnvDi6FHbbVfviro+WojiFzv+s8MPMHBczVePfUpDJLwoLT0ht1l4YwBCbi8pJAveEEdnkHyPyTP/mzRfwg==",
      "requires": {
        "safe-buffer": "~5.1.0"
      }
    },
    "tslib": {
      "version": "1.9.3",
      "resolved": "https://registry.npmjs.org/tslib/-/tslib-1.9.3.tgz",
      "integrity": "sha512-4krF8scpejhaOgqzBEcGM7yDIEfi0/8+8zDRZhNZZ2kjmHJ4hv3zCbQWxoJGz1iw5U0Jl0nma13xzHXcncMavQ=="
    },
    "typedarray-to-buffer": {
      "version": "3.1.5",
      "resolved": "https://registry.npmjs.org/typedarray-to-buffer/-/typedarray-to-buffer-3.1.5.tgz",
      "integrity": "sha512-zdu8XMNEDepKKR+XYOXAVPtWui0ly0NtohUscw+UmaHiAWT8hrV1rr//H6V+0DvJ3OQ19S979M0laLfX8rm82Q==",
      "requires": {
        "is-typedarray": "^1.0.0"
      }
    },
    "util-deprecate": {
      "version": "1.0.2",
      "resolved": "https://registry.npmjs.org/util-deprecate/-/util-deprecate-1.0.2.tgz",
      "integrity": "sha1-RQ1Nyfpw3nMnYvvS1KKJgUGaDM8="
    },
    "websocket": {
      "version": "1.0.28",
      "resolved": "https://registry.npmjs.org/websocket/-/websocket-1.0.28.tgz",
      "integrity": "sha512-00y/20/80P7H4bCYkzuuvvfDvh+dgtXi5kzDf3UcZwN6boTYaKvsrtZ5lIYm1Gsg48siMErd9M4zjSYfYFHTrA==",
      "requires": {
        "debug": "^2.2.0",
        "nan": "^2.11.0",
        "typedarray-to-buffer": "^3.1.5",
        "yaeti": "^0.0.6"
      }
    },
    "xmlhttprequest": {
      "version": "1.8.0",
      "resolved": "https://registry.npmjs.org/xmlhttprequest/-/xmlhttprequest-1.8.0.tgz",
      "integrity": "sha1-Z/4HXFwk/vOfnWX197f+dRcZaPw="
    },
    "yaeti": {
      "version": "0.0.6",
      "resolved": "https://registry.npmjs.org/yaeti/-/yaeti-0.0.6.tgz",
      "integrity": "sha1-8m9ITXJoTPQr7ft2lwqhYI+/lXc="
    }
  }
}
